// !$*UTF8*$!
{
	archiveVersion = 1;
	classes = {
	};
	objectVersion = 55;
	objects = {

/* Begin PBXBuildFile section */
		DA13B5DF28B7521E00E468F8 /* AdvancedSearchBoyApp.swift in Sources */ = {isa = PBXBuildFile; fileRef = DA13B5DE28B7521E00E468F8 /* AdvancedSearchBoyApp.swift */; };
		DA13B5E328B7521F00E468F8 /* Assets.xcassets in Resources */ = {isa = PBXBuildFile; fileRef = DA13B5E228B7521F00E468F8 /* Assets.xcassets */; };
		DA13B5E628B7521F00E468F8 /* Preview Assets.xcassets in Resources */ = {isa = PBXBuildFile; fileRef = DA13B5E528B7521F00E468F8 /* Preview Assets.xcassets */; };
		DA13B5F028B7521F00E468F8 /* AdvancedSearchBoyTests.swift in Sources */ = {isa = PBXBuildFile; fileRef = DA13B5EF28B7521F00E468F8 /* AdvancedSearchBoyTests.swift */; };
		DA13B5FA28B7521F00E468F8 /* AdvancedSearchBoyUITests.swift in Sources */ = {isa = PBXBuildFile; fileRef = DA13B5F928B7521F00E468F8 /* AdvancedSearchBoyUITests.swift */; };
		DA13B5FC28B7521F00E468F8 /* AdvancedSearchBoyUITestsLaunchTests.swift in Sources */ = {isa = PBXBuildFile; fileRef = DA13B5FB28B7521F00E468F8 /* AdvancedSearchBoyUITestsLaunchTests.swift */; };
		DA13B60928B752A500E468F8 /* SearchesView.swift in Sources */ = {isa = PBXBuildFile; fileRef = DA13B60828B752A500E468F8 /* SearchesView.swift */; };
		DA13B60D28B753C900E468F8 /* DetailView.swift in Sources */ = {isa = PBXBuildFile; fileRef = DA13B60C28B753C900E468F8 /* DetailView.swift */; };
		DA13B60F28B7544F00E468F8 /* QiitaOption.swift in Sources */ = {isa = PBXBuildFile; fileRef = DA13B60E28B7544F00E468F8 /* QiitaOption.swift */; };
		DA13B61228B764DF00E468F8 /* URL+queryItem.swift in Sources */ = {isa = PBXBuildFile; fileRef = DA13B61128B764DF00E468F8 /* URL+queryItem.swift */; };
		DA13B61428B7AB3C00E468F8 /* QiitaOption+sampleData.swift in Sources */ = {isa = PBXBuildFile; fileRef = DA13B61328B7AB3C00E468F8 /* QiitaOption+sampleData.swift */; };
		DA13B61828B7AF2500E468F8 /* DetailCellView.swift in Sources */ = {isa = PBXBuildFile; fileRef = DA13B61728B7AF2500E468F8 /* DetailCellView.swift */; };
		DA13B61A28B7C23100E468F8 /* DetailEditView.swift in Sources */ = {isa = PBXBuildFile; fileRef = DA13B61928B7C23100E468F8 /* DetailEditView.swift */; };
		DA13B61C28B7D71600E468F8 /* QiitaOption+Data.swift in Sources */ = {isa = PBXBuildFile; fileRef = DA13B61B28B7D71600E468F8 /* QiitaOption+Data.swift */; };
		DA17D24628BD1521002001F6 /* EngagementsEditCellView.swift in Sources */ = {isa = PBXBuildFile; fileRef = DA17D24528BD1521002001F6 /* EngagementsEditCellView.swift */; };
		DA586C7028BA2ABB0071EE0A /* TwitterOption.swift in Sources */ = {isa = PBXBuildFile; fileRef = DA586C6F28BA2ABB0071EE0A /* TwitterOption.swift */; };
		DA586C7228BA611F0071EE0A /* TwitterOption+sampleData.swift in Sources */ = {isa = PBXBuildFile; fileRef = DA586C7128BA611F0071EE0A /* TwitterOption+sampleData.swift */; };
		DAAC1B5528BF8CE200C95F38 /* DateEditCellView.swift in Sources */ = {isa = PBXBuildFile; fileRef = DAAC1B5428BF8CE200C95F38 /* DateEditCellView.swift */; };
		DAAC1B5A28C0286A00C95F38 /* WordsEditSection.swift in Sources */ = {isa = PBXBuildFile; fileRef = DAAC1B5928C0286A00C95F38 /* WordsEditSection.swift */; };
		DAAC1B5C28C0359000C95F38 /* HashtagsEditSection.swift in Sources */ = {isa = PBXBuildFile; fileRef = DAAC1B5B28C0359000C95F38 /* HashtagsEditSection.swift */; };
		DABC3F5828C0483400006838 /* SearchCellView.swift in Sources */ = {isa = PBXBuildFile; fileRef = DABC3F5728C0483400006838 /* SearchCellView.swift */; };
		DAC1C0A428B8466A00978F9C /* Algorithms in Frameworks */ = {isa = PBXBuildFile; productRef = DAC1C0A328B8466A00978F9C /* Algorithms */; };
		DAE62C9928BA66D700A9C61F /* Color+twitterBlue.swift in Sources */ = {isa = PBXBuildFile; fileRef = DAE62C9828BA66D700A9C61F /* Color+twitterBlue.swift */; };
		DAE62C9D28BB124200A9C61F /* Date+Extension.swift in Sources */ = {isa = PBXBuildFile; fileRef = DAE62C9C28BB124200A9C61F /* Date+Extension.swift */; };
		DAE62C9F28BB93DF00A9C61F /* TwitterOption+Data.swift in Sources */ = {isa = PBXBuildFile; fileRef = DAE62C9E28BB93DF00A9C61F /* TwitterOption+Data.swift */; };
/* End PBXBuildFile section */

/* Begin PBXContainerItemProxy section */
		DA13B5EC28B7521F00E468F8 /* PBXContainerItemProxy */ = {
			isa = PBXContainerItemProxy;
			containerPortal = DA13B5D328B7521E00E468F8 /* Project object */;
			proxyType = 1;
			remoteGlobalIDString = DA13B5DA28B7521E00E468F8;
			remoteInfo = AdvancedSearchBoy;
		};
		DA13B5F628B7521F00E468F8 /* PBXContainerItemProxy */ = {
			isa = PBXContainerItemProxy;
			containerPortal = DA13B5D328B7521E00E468F8 /* Project object */;
			proxyType = 1;
			remoteGlobalIDString = DA13B5DA28B7521E00E468F8;
			remoteInfo = AdvancedSearchBoy;
		};
/* End PBXContainerItemProxy section */

/* Begin PBXFileReference section */
		DA13B5DB28B7521E00E468F8 /* AdvancedSearchBoy.app */ = {isa = PBXFileReference; explicitFileType = wrapper.application; includeInIndex = 0; path = AdvancedSearchBoy.app; sourceTree = BUILT_PRODUCTS_DIR; };
		DA13B5DE28B7521E00E468F8 /* AdvancedSearchBoyApp.swift */ = {isa = PBXFileReference; lastKnownFileType = sourcecode.swift; path = AdvancedSearchBoyApp.swift; sourceTree = "<group>"; };
		DA13B5E228B7521F00E468F8 /* Assets.xcassets */ = {isa = PBXFileReference; lastKnownFileType = folder.assetcatalog; path = Assets.xcassets; sourceTree = "<group>"; };
		DA13B5E528B7521F00E468F8 /* Preview Assets.xcassets */ = {isa = PBXFileReference; lastKnownFileType = folder.assetcatalog; path = "Preview Assets.xcassets"; sourceTree = "<group>"; };
		DA13B5EB28B7521F00E468F8 /* AdvancedSearchBoyTests.xctest */ = {isa = PBXFileReference; explicitFileType = wrapper.cfbundle; includeInIndex = 0; path = AdvancedSearchBoyTests.xctest; sourceTree = BUILT_PRODUCTS_DIR; };
		DA13B5EF28B7521F00E468F8 /* AdvancedSearchBoyTests.swift */ = {isa = PBXFileReference; lastKnownFileType = sourcecode.swift; path = AdvancedSearchBoyTests.swift; sourceTree = "<group>"; };
		DA13B5F528B7521F00E468F8 /* AdvancedSearchBoyUITests.xctest */ = {isa = PBXFileReference; explicitFileType = wrapper.cfbundle; includeInIndex = 0; path = AdvancedSearchBoyUITests.xctest; sourceTree = BUILT_PRODUCTS_DIR; };
		DA13B5F928B7521F00E468F8 /* AdvancedSearchBoyUITests.swift */ = {isa = PBXFileReference; lastKnownFileType = sourcecode.swift; path = AdvancedSearchBoyUITests.swift; sourceTree = "<group>"; };
		DA13B5FB28B7521F00E468F8 /* AdvancedSearchBoyUITestsLaunchTests.swift */ = {isa = PBXFileReference; lastKnownFileType = sourcecode.swift; path = AdvancedSearchBoyUITestsLaunchTests.swift; sourceTree = "<group>"; };
		DA13B60828B752A500E468F8 /* SearchesView.swift */ = {isa = PBXFileReference; lastKnownFileType = sourcecode.swift; path = SearchesView.swift; sourceTree = "<group>"; };
		DA13B60C28B753C900E468F8 /* DetailView.swift */ = {isa = PBXFileReference; lastKnownFileType = sourcecode.swift; path = DetailView.swift; sourceTree = "<group>"; };
		DA13B60E28B7544F00E468F8 /* QiitaOption.swift */ = {isa = PBXFileReference; lastKnownFileType = sourcecode.swift; path = QiitaOption.swift; sourceTree = "<group>"; };
		DA13B61128B764DF00E468F8 /* URL+queryItem.swift */ = {isa = PBXFileReference; lastKnownFileType = sourcecode.swift; path = "URL+queryItem.swift"; sourceTree = "<group>"; };
		DA13B61328B7AB3C00E468F8 /* QiitaOption+sampleData.swift */ = {isa = PBXFileReference; lastKnownFileType = sourcecode.swift; path = "QiitaOption+sampleData.swift"; sourceTree = "<group>"; };
		DA13B61728B7AF2500E468F8 /* DetailCellView.swift */ = {isa = PBXFileReference; lastKnownFileType = sourcecode.swift; path = DetailCellView.swift; sourceTree = "<group>"; };
		DA13B61928B7C23100E468F8 /* DetailEditView.swift */ = {isa = PBXFileReference; lastKnownFileType = sourcecode.swift; path = DetailEditView.swift; sourceTree = "<group>"; };
		DA13B61B28B7D71600E468F8 /* QiitaOption+Data.swift */ = {isa = PBXFileReference; lastKnownFileType = sourcecode.swift; path = "QiitaOption+Data.swift"; sourceTree = "<group>"; };
		DA17D24528BD1521002001F6 /* EngagementsEditCellView.swift */ = {isa = PBXFileReference; lastKnownFileType = sourcecode.swift; path = EngagementsEditCellView.swift; sourceTree = "<group>"; };
		DA586C6F28BA2ABB0071EE0A /* TwitterOption.swift */ = {isa = PBXFileReference; lastKnownFileType = sourcecode.swift; path = TwitterOption.swift; sourceTree = "<group>"; };
		DA586C7128BA611F0071EE0A /* TwitterOption+sampleData.swift */ = {isa = PBXFileReference; lastKnownFileType = sourcecode.swift; path = "TwitterOption+sampleData.swift"; sourceTree = "<group>"; };
		DAAC1B5428BF8CE200C95F38 /* DateEditCellView.swift */ = {isa = PBXFileReference; lastKnownFileType = sourcecode.swift; path = DateEditCellView.swift; sourceTree = "<group>"; };
		DAAC1B5928C0286A00C95F38 /* WordsEditSection.swift */ = {isa = PBXFileReference; lastKnownFileType = sourcecode.swift; path = WordsEditSection.swift; sourceTree = "<group>"; };
		DAAC1B5B28C0359000C95F38 /* HashtagsEditSection.swift */ = {isa = PBXFileReference; lastKnownFileType = sourcecode.swift; path = HashtagsEditSection.swift; sourceTree = "<group>"; };
		DABC3F5728C0483400006838 /* SearchCellView.swift */ = {isa = PBXFileReference; lastKnownFileType = sourcecode.swift; path = SearchCellView.swift; sourceTree = "<group>"; };
		DAE62C9828BA66D700A9C61F /* Color+twitterBlue.swift */ = {isa = PBXFileReference; lastKnownFileType = sourcecode.swift; path = "Color+twitterBlue.swift"; sourceTree = "<group>"; };
		DAE62C9C28BB124200A9C61F /* Date+Extension.swift */ = {isa = PBXFileReference; lastKnownFileType = sourcecode.swift; path = "Date+Extension.swift"; sourceTree = "<group>"; };
		DAE62C9E28BB93DF00A9C61F /* TwitterOption+Data.swift */ = {isa = PBXFileReference; lastKnownFileType = sourcecode.swift; path = "TwitterOption+Data.swift"; sourceTree = "<group>"; };
/* End PBXFileReference section */

/* Begin PBXFrameworksBuildPhase section */
		DA13B5D828B7521E00E468F8 /* Frameworks */ = {
			isa = PBXFrameworksBuildPhase;
			buildActionMask = 2147483647;
			files = (
				DAC1C0A428B8466A00978F9C /* Algorithms in Frameworks */,
			);
			runOnlyForDeploymentPostprocessing = 0;
		};
		DA13B5E828B7521F00E468F8 /* Frameworks */ = {
			isa = PBXFrameworksBuildPhase;
			buildActionMask = 2147483647;
			files = (
			);
			runOnlyForDeploymentPostprocessing = 0;
		};
		DA13B5F228B7521F00E468F8 /* Frameworks */ = {
			isa = PBXFrameworksBuildPhase;
			buildActionMask = 2147483647;
			files = (
			);
			runOnlyForDeploymentPostprocessing = 0;
		};
/* End PBXFrameworksBuildPhase section */

/* Begin PBXGroup section */
		DA13B5D228B7521E00E468F8 = {
			isa = PBXGroup;
			children = (
				DA13B5DD28B7521E00E468F8 /* AdvancedSearchBoy */,
				DA13B5EE28B7521F00E468F8 /* AdvancedSearchBoyTests */,
				DA13B5F828B7521F00E468F8 /* AdvancedSearchBoyUITests */,
				DA13B5DC28B7521E00E468F8 /* Products */,
			);
			sourceTree = "<group>";
		};
		DA13B5DC28B7521E00E468F8 /* Products */ = {
			isa = PBXGroup;
			children = (
				DA13B5DB28B7521E00E468F8 /* AdvancedSearchBoy.app */,
				DA13B5EB28B7521F00E468F8 /* AdvancedSearchBoyTests.xctest */,
				DA13B5F528B7521F00E468F8 /* AdvancedSearchBoyUITests.xctest */,
			);
			name = Products;
			sourceTree = "<group>";
		};
		DA13B5DD28B7521E00E468F8 /* AdvancedSearchBoy */ = {
			isa = PBXGroup;
			children = (
				DA13B5DE28B7521E00E468F8 /* AdvancedSearchBoyApp.swift */,
				DA13B61028B764C600E468F8 /* Extensions */,
				DA13B60B28B7538300E468F8 /* Views */,
				DA13B60A28B7538000E468F8 /* Models */,
				DA13B5E228B7521F00E468F8 /* Assets.xcassets */,
				DA13B5E428B7521F00E468F8 /* Preview Content */,
			);
			path = AdvancedSearchBoy;
			sourceTree = "<group>";
		};
		DA13B5E428B7521F00E468F8 /* Preview Content */ = {
			isa = PBXGroup;
			children = (
				DA13B5E528B7521F00E468F8 /* Preview Assets.xcassets */,
			);
			path = "Preview Content";
			sourceTree = "<group>";
		};
		DA13B5EE28B7521F00E468F8 /* AdvancedSearchBoyTests */ = {
			isa = PBXGroup;
			children = (
				DA13B5EF28B7521F00E468F8 /* AdvancedSearchBoyTests.swift */,
			);
			path = AdvancedSearchBoyTests;
			sourceTree = "<group>";
		};
		DA13B5F828B7521F00E468F8 /* AdvancedSearchBoyUITests */ = {
			isa = PBXGroup;
			children = (
				DA13B5F928B7521F00E468F8 /* AdvancedSearchBoyUITests.swift */,
				DA13B5FB28B7521F00E468F8 /* AdvancedSearchBoyUITestsLaunchTests.swift */,
			);
			path = AdvancedSearchBoyUITests;
			sourceTree = "<group>";
		};
		DA13B60A28B7538000E468F8 /* Models */ = {
			isa = PBXGroup;
			children = (
				DA13B60E28B7544F00E468F8 /* QiitaOption.swift */,
				DA13B61B28B7D71600E468F8 /* QiitaOption+Data.swift */,
				DA13B61328B7AB3C00E468F8 /* QiitaOption+sampleData.swift */,
				DA586C6F28BA2ABB0071EE0A /* TwitterOption.swift */,
				DAE62C9E28BB93DF00A9C61F /* TwitterOption+Data.swift */,
				DA586C7128BA611F0071EE0A /* TwitterOption+sampleData.swift */,
			);
			path = Models;
			sourceTree = "<group>";
		};
		DA13B60B28B7538300E468F8 /* Views */ = {
			isa = PBXGroup;
			children = (
				DABC3F5628C047F500006838 /* SearchesView */,
				DA13B60C28B753C900E468F8 /* DetailView.swift */,
				DA13B61728B7AF2500E468F8 /* DetailCellView.swift */,
				DAAC1B5628C0279F00C95F38 /* DetailEditView */,
			);
			path = Views;
			sourceTree = "<group>";
		};
		DA13B61028B764C600E468F8 /* Extensions */ = {
			isa = PBXGroup;
			children = (
				DA13B61128B764DF00E468F8 /* URL+queryItem.swift */,
				DAE62C9C28BB124200A9C61F /* Date+Extension.swift */,
				DAE62C9828BA66D700A9C61F /* Color+twitterBlue.swift */,
			);
			path = Extensions;
			sourceTree = "<group>";
		};
		DAAC1B5628C0279F00C95F38 /* DetailEditView */ = {
			isa = PBXGroup;
			children = (
				DA13B61928B7C23100E468F8 /* DetailEditView.swift */,
				DAAC1B5928C0286A00C95F38 /* WordsEditSection.swift */,
				DAAC1B5B28C0359000C95F38 /* HashtagsEditSection.swift */,
				DA17D24528BD1521002001F6 /* EngagementsEditCellView.swift */,
				DAAC1B5428BF8CE200C95F38 /* DateEditCellView.swift */,
			);
			path = DetailEditView;
			sourceTree = "<group>";
		};
		DABC3F5628C047F500006838 /* SearchesView */ = {
			isa = PBXGroup;
			children = (
				DA13B60828B752A500E468F8 /* SearchesView.swift */,
				DABC3F5728C0483400006838 /* SearchCellView.swift */,
			);
			path = SearchesView;
			sourceTree = "<group>";
		};
/* End PBXGroup section */

/* Begin PBXNativeTarget section */
		DA13B5DA28B7521E00E468F8 /* AdvancedSearchBoy */ = {
			isa = PBXNativeTarget;
			buildConfigurationList = DA13B5FF28B7521F00E468F8 /* Build configuration list for PBXNativeTarget "AdvancedSearchBoy" */;
			buildPhases = (
				DA13B5D728B7521E00E468F8 /* Sources */,
				DA13B5D828B7521E00E468F8 /* Frameworks */,
				DA13B5D928B7521E00E468F8 /* Resources */,
				DA4222C928B8895700392D08 /* ShellScript */,
			);
			buildRules = (
			);
			dependencies = (
			);
			name = AdvancedSearchBoy;
			packageProductDependencies = (
				DAC1C0A328B8466A00978F9C /* Algorithms */,
			);
			productName = AdvancedSearchBoy;
			productReference = DA13B5DB28B7521E00E468F8 /* AdvancedSearchBoy.app */;
			productType = "com.apple.product-type.application";
		};
		DA13B5EA28B7521F00E468F8 /* AdvancedSearchBoyTests */ = {
			isa = PBXNativeTarget;
			buildConfigurationList = DA13B60228B7521F00E468F8 /* Build configuration list for PBXNativeTarget "AdvancedSearchBoyTests" */;
			buildPhases = (
				DA13B5E728B7521F00E468F8 /* Sources */,
				DA13B5E828B7521F00E468F8 /* Frameworks */,
				DA13B5E928B7521F00E468F8 /* Resources */,
			);
			buildRules = (
			);
			dependencies = (
				DA13B5ED28B7521F00E468F8 /* PBXTargetDependency */,
			);
			name = AdvancedSearchBoyTests;
			productName = AdvancedSearchBoyTests;
			productReference = DA13B5EB28B7521F00E468F8 /* AdvancedSearchBoyTests.xctest */;
			productType = "com.apple.product-type.bundle.unit-test";
		};
		DA13B5F428B7521F00E468F8 /* AdvancedSearchBoyUITests */ = {
			isa = PBXNativeTarget;
			buildConfigurationList = DA13B60528B7521F00E468F8 /* Build configuration list for PBXNativeTarget "AdvancedSearchBoyUITests" */;
			buildPhases = (
				DA13B5F128B7521F00E468F8 /* Sources */,
				DA13B5F228B7521F00E468F8 /* Frameworks */,
				DA13B5F328B7521F00E468F8 /* Resources */,
			);
			buildRules = (
			);
			dependencies = (
				DA13B5F728B7521F00E468F8 /* PBXTargetDependency */,
			);
			name = AdvancedSearchBoyUITests;
			productName = AdvancedSearchBoyUITests;
			productReference = DA13B5F528B7521F00E468F8 /* AdvancedSearchBoyUITests.xctest */;
			productType = "com.apple.product-type.bundle.ui-testing";
		};
/* End PBXNativeTarget section */

/* Begin PBXProject section */
		DA13B5D328B7521E00E468F8 /* Project object */ = {
			isa = PBXProject;
			attributes = {
				BuildIndependentTargetsInParallel = 1;
				LastSwiftUpdateCheck = 1340;
				LastUpgradeCheck = 1340;
				TargetAttributes = {
					DA13B5DA28B7521E00E468F8 = {
						CreatedOnToolsVersion = 13.4.1;
					};
					DA13B5EA28B7521F00E468F8 = {
						CreatedOnToolsVersion = 13.4.1;
						TestTargetID = DA13B5DA28B7521E00E468F8;
					};
					DA13B5F428B7521F00E468F8 = {
						CreatedOnToolsVersion = 13.4.1;
						TestTargetID = DA13B5DA28B7521E00E468F8;
					};
				};
			};
			buildConfigurationList = DA13B5D628B7521E00E468F8 /* Build configuration list for PBXProject "AdvancedSearchBoy" */;
			compatibilityVersion = "Xcode 13.0";
			developmentRegion = en;
			hasScannedForEncodings = 0;
			knownRegions = (
				en,
				Base,
			);
			mainGroup = DA13B5D228B7521E00E468F8;
			packageReferences = (
				DAC1C0A228B8466A00978F9C /* XCRemoteSwiftPackageReference "swift-algorithms" */,
			);
			productRefGroup = DA13B5DC28B7521E00E468F8 /* Products */;
			projectDirPath = "";
			projectRoot = "";
			targets = (
				DA13B5DA28B7521E00E468F8 /* AdvancedSearchBoy */,
				DA13B5EA28B7521F00E468F8 /* AdvancedSearchBoyTests */,
				DA13B5F428B7521F00E468F8 /* AdvancedSearchBoyUITests */,
			);
		};
/* End PBXProject section */

/* Begin PBXResourcesBuildPhase section */
		DA13B5D928B7521E00E468F8 /* Resources */ = {
			isa = PBXResourcesBuildPhase;
			buildActionMask = 2147483647;
			files = (
				DA13B5E628B7521F00E468F8 /* Preview Assets.xcassets in Resources */,
				DA13B5E328B7521F00E468F8 /* Assets.xcassets in Resources */,
			);
			runOnlyForDeploymentPostprocessing = 0;
		};
		DA13B5E928B7521F00E468F8 /* Resources */ = {
			isa = PBXResourcesBuildPhase;
			buildActionMask = 2147483647;
			files = (
			);
			runOnlyForDeploymentPostprocessing = 0;
		};
		DA13B5F328B7521F00E468F8 /* Resources */ = {
			isa = PBXResourcesBuildPhase;
			buildActionMask = 2147483647;
			files = (
			);
			runOnlyForDeploymentPostprocessing = 0;
		};
/* End PBXResourcesBuildPhase section */

/* Begin PBXShellScriptBuildPhase section */
		DA4222C928B8895700392D08 /* ShellScript */ = {
			isa = PBXShellScriptBuildPhase;
			buildActionMask = 12;
			files = (
			);
			inputFileListPaths = (
			);
			inputPaths = (
			);
			outputFileListPaths = (
			);
			outputPaths = (
			);
			runOnlyForDeploymentPostprocessing = 0;
			shellPath = /bin/sh;
			shellScript = "# Adds support for Apple Silicon brew directory\nexport PATH=\"$PATH:/opt/homebrew/bin\"\n\nif which swiftlint >/dev/null; then\n  #swiftlint autocorrect --format\n  swiftlint\n  echo \"\"\nelse\n  echo \"😽SwiftLint does not exist, download from https://github.com/realm/SwiftLint\"\nfi\n";
		};
/* End PBXShellScriptBuildPhase section */

/* Begin PBXSourcesBuildPhase section */
		DA13B5D728B7521E00E468F8 /* Sources */ = {
			isa = PBXSourcesBuildPhase;
			buildActionMask = 2147483647;
			files = (
				DABC3F5828C0483400006838 /* SearchCellView.swift in Sources */,
				DA586C7028BA2ABB0071EE0A /* TwitterOption.swift in Sources */,
				DA13B60928B752A500E468F8 /* SearchesView.swift in Sources */,
				DAE62C9D28BB124200A9C61F /* Date+Extension.swift in Sources */,
				DA586C7228BA611F0071EE0A /* TwitterOption+sampleData.swift in Sources */,
				DA13B61828B7AF2500E468F8 /* DetailCellView.swift in Sources */,
				DA13B61228B764DF00E468F8 /* URL+queryItem.swift in Sources */,
				DAAC1B5528BF8CE200C95F38 /* DateEditCellView.swift in Sources */,
				DAE62C9F28BB93DF00A9C61F /* TwitterOption+Data.swift in Sources */,
				DA13B61A28B7C23100E468F8 /* DetailEditView.swift in Sources */,
				DA13B61C28B7D71600E468F8 /* QiitaOption+Data.swift in Sources */,
				DA13B60F28B7544F00E468F8 /* QiitaOption.swift in Sources */,
				DA13B60D28B753C900E468F8 /* DetailView.swift in Sources */,
				DA13B5DF28B7521E00E468F8 /* AdvancedSearchBoyApp.swift in Sources */,
				DA13B61428B7AB3C00E468F8 /* QiitaOption+sampleData.swift in Sources */,
				DAAC1B5C28C0359000C95F38 /* HashtagsEditSection.swift in Sources */,
				DA17D24628BD1521002001F6 /* EngagementsEditCellView.swift in Sources */,
				DAAC1B5A28C0286A00C95F38 /* WordsEditSection.swift in Sources */,
				DAE62C9928BA66D700A9C61F /* Color+twitterBlue.swift in Sources */,
			);
			runOnlyForDeploymentPostprocessing = 0;
		};
		DA13B5E728B7521F00E468F8 /* Sources */ = {
			isa = PBXSourcesBuildPhase;
			buildActionMask = 2147483647;
			files = (
				DA13B5F028B7521F00E468F8 /* AdvancedSearchBoyTests.swift in Sources */,
			);
			runOnlyForDeploymentPostprocessing = 0;
		};
		DA13B5F128B7521F00E468F8 /* Sources */ = {
			isa = PBXSourcesBuildPhase;
			buildActionMask = 2147483647;
			files = (
				DA13B5FA28B7521F00E468F8 /* AdvancedSearchBoyUITests.swift in Sources */,
				DA13B5FC28B7521F00E468F8 /* AdvancedSearchBoyUITestsLaunchTests.swift in Sources */,
			);
			runOnlyForDeploymentPostprocessing = 0;
		};
/* End PBXSourcesBuildPhase section */

/* Begin PBXTargetDependency section */
		DA13B5ED28B7521F00E468F8 /* PBXTargetDependency */ = {
			isa = PBXTargetDependency;
			target = DA13B5DA28B7521E00E468F8 /* AdvancedSearchBoy */;
			targetProxy = DA13B5EC28B7521F00E468F8 /* PBXContainerItemProxy */;
		};
		DA13B5F728B7521F00E468F8 /* PBXTargetDependency */ = {
			isa = PBXTargetDependency;
			target = DA13B5DA28B7521E00E468F8 /* AdvancedSearchBoy */;
			targetProxy = DA13B5F628B7521F00E468F8 /* PBXContainerItemProxy */;
		};
/* End PBXTargetDependency section */

/* Begin XCBuildConfiguration section */
		DA13B5FD28B7521F00E468F8 /* Debug */ = {
			isa = XCBuildConfiguration;
			buildSettings = {
				ALWAYS_SEARCH_USER_PATHS = NO;
				CLANG_ANALYZER_NONNULL = YES;
				CLANG_ANALYZER_NUMBER_OBJECT_CONVERSION = YES_AGGRESSIVE;
				CLANG_CXX_LANGUAGE_STANDARD = "gnu++17";
				CLANG_ENABLE_MODULES = YES;
				CLANG_ENABLE_OBJC_ARC = YES;
				CLANG_ENABLE_OBJC_WEAK = YES;
				CLANG_WARN_BLOCK_CAPTURE_AUTORELEASING = YES;
				CLANG_WARN_BOOL_CONVERSION = YES;
				CLANG_WARN_COMMA = YES;
				CLANG_WARN_CONSTANT_CONVERSION = YES;
				CLANG_WARN_DEPRECATED_OBJC_IMPLEMENTATIONS = YES;
				CLANG_WARN_DIRECT_OBJC_ISA_USAGE = YES_ERROR;
				CLANG_WARN_DOCUMENTATION_COMMENTS = YES;
				CLANG_WARN_EMPTY_BODY = YES;
				CLANG_WARN_ENUM_CONVERSION = YES;
				CLANG_WARN_INFINITE_RECURSION = YES;
				CLANG_WARN_INT_CONVERSION = YES;
				CLANG_WARN_NON_LITERAL_NULL_CONVERSION = YES;
				CLANG_WARN_OBJC_IMPLICIT_RETAIN_SELF = YES;
				CLANG_WARN_OBJC_LITERAL_CONVERSION = YES;
				CLANG_WARN_OBJC_ROOT_CLASS = YES_ERROR;
				CLANG_WARN_QUOTED_INCLUDE_IN_FRAMEWORK_HEADER = YES;
				CLANG_WARN_RANGE_LOOP_ANALYSIS = YES;
				CLANG_WARN_STRICT_PROTOTYPES = YES;
				CLANG_WARN_SUSPICIOUS_MOVE = YES;
				CLANG_WARN_UNGUARDED_AVAILABILITY = YES_AGGRESSIVE;
				CLANG_WARN_UNREACHABLE_CODE = YES;
				CLANG_WARN__DUPLICATE_METHOD_MATCH = YES;
				COPY_PHASE_STRIP = NO;
				DEBUG_INFORMATION_FORMAT = dwarf;
				ENABLE_STRICT_OBJC_MSGSEND = YES;
				ENABLE_TESTABILITY = YES;
				GCC_C_LANGUAGE_STANDARD = gnu11;
				GCC_DYNAMIC_NO_PIC = NO;
				GCC_NO_COMMON_BLOCKS = YES;
				GCC_OPTIMIZATION_LEVEL = 0;
				GCC_PREPROCESSOR_DEFINITIONS = (
					"DEBUG=1",
					"$(inherited)",
				);
				GCC_WARN_64_TO_32_BIT_CONVERSION = YES;
				GCC_WARN_ABOUT_RETURN_TYPE = YES_ERROR;
				GCC_WARN_UNDECLARED_SELECTOR = YES;
				GCC_WARN_UNINITIALIZED_AUTOS = YES_AGGRESSIVE;
				GCC_WARN_UNUSED_FUNCTION = YES;
				GCC_WARN_UNUSED_VARIABLE = YES;
				IPHONEOS_DEPLOYMENT_TARGET = 15.0;
				MTL_ENABLE_DEBUG_INFO = INCLUDE_SOURCE;
				MTL_FAST_MATH = YES;
				ONLY_ACTIVE_ARCH = YES;
				SDKROOT = iphoneos;
				SWIFT_ACTIVE_COMPILATION_CONDITIONS = DEBUG;
				SWIFT_OPTIMIZATION_LEVEL = "-Onone";
			};
			name = Debug;
		};
		DA13B5FE28B7521F00E468F8 /* Release */ = {
			isa = XCBuildConfiguration;
			buildSettings = {
				ALWAYS_SEARCH_USER_PATHS = NO;
				CLANG_ANALYZER_NONNULL = YES;
				CLANG_ANALYZER_NUMBER_OBJECT_CONVERSION = YES_AGGRESSIVE;
				CLANG_CXX_LANGUAGE_STANDARD = "gnu++17";
				CLANG_ENABLE_MODULES = YES;
				CLANG_ENABLE_OBJC_ARC = YES;
				CLANG_ENABLE_OBJC_WEAK = YES;
				CLANG_WARN_BLOCK_CAPTURE_AUTORELEASING = YES;
				CLANG_WARN_BOOL_CONVERSION = YES;
				CLANG_WARN_COMMA = YES;
				CLANG_WARN_CONSTANT_CONVERSION = YES;
				CLANG_WARN_DEPRECATED_OBJC_IMPLEMENTATIONS = YES;
				CLANG_WARN_DIRECT_OBJC_ISA_USAGE = YES_ERROR;
				CLANG_WARN_DOCUMENTATION_COMMENTS = YES;
				CLANG_WARN_EMPTY_BODY = YES;
				CLANG_WARN_ENUM_CONVERSION = YES;
				CLANG_WARN_INFINITE_RECURSION = YES;
				CLANG_WARN_INT_CONVERSION = YES;
				CLANG_WARN_NON_LITERAL_NULL_CONVERSION = YES;
				CLANG_WARN_OBJC_IMPLICIT_RETAIN_SELF = YES;
				CLANG_WARN_OBJC_LITERAL_CONVERSION = YES;
				CLANG_WARN_OBJC_ROOT_CLASS = YES_ERROR;
				CLANG_WARN_QUOTED_INCLUDE_IN_FRAMEWORK_HEADER = YES;
				CLANG_WARN_RANGE_LOOP_ANALYSIS = YES;
				CLANG_WARN_STRICT_PROTOTYPES = YES;
				CLANG_WARN_SUSPICIOUS_MOVE = YES;
				CLANG_WARN_UNGUARDED_AVAILABILITY = YES_AGGRESSIVE;
				CLANG_WARN_UNREACHABLE_CODE = YES;
				CLANG_WARN__DUPLICATE_METHOD_MATCH = YES;
				COPY_PHASE_STRIP = NO;
				DEBUG_INFORMATION_FORMAT = "dwarf-with-dsym";
				ENABLE_NS_ASSERTIONS = NO;
				ENABLE_STRICT_OBJC_MSGSEND = YES;
				GCC_C_LANGUAGE_STANDARD = gnu11;
				GCC_NO_COMMON_BLOCKS = YES;
				GCC_WARN_64_TO_32_BIT_CONVERSION = YES;
				GCC_WARN_ABOUT_RETURN_TYPE = YES_ERROR;
				GCC_WARN_UNDECLARED_SELECTOR = YES;
				GCC_WARN_UNINITIALIZED_AUTOS = YES_AGGRESSIVE;
				GCC_WARN_UNUSED_FUNCTION = YES;
				GCC_WARN_UNUSED_VARIABLE = YES;
				IPHONEOS_DEPLOYMENT_TARGET = 15.0;
				MTL_ENABLE_DEBUG_INFO = NO;
				MTL_FAST_MATH = YES;
				SDKROOT = iphoneos;
				SWIFT_COMPILATION_MODE = wholemodule;
				SWIFT_OPTIMIZATION_LEVEL = "-O";
				VALIDATE_PRODUCT = YES;
			};
			name = Release;
		};
		DA13B60028B7521F00E468F8 /* Debug */ = {
			isa = XCBuildConfiguration;
			buildSettings = {
				ASSETCATALOG_COMPILER_APPICON_NAME = AppIcon;
				ASSETCATALOG_COMPILER_GLOBAL_ACCENT_COLOR_NAME = AccentColor;
				CODE_SIGN_STYLE = Automatic;
				CURRENT_PROJECT_VERSION = 1;
				DEVELOPMENT_ASSET_PATHS = "\"AdvancedSearchBoy/Preview Content\"";
				DEVELOPMENT_TEAM = BWMJMJK727;
				ENABLE_PREVIEWS = YES;
				GENERATE_INFOPLIST_FILE = YES;
				INFOPLIST_KEY_UIApplicationSceneManifest_Generation = YES;
				INFOPLIST_KEY_UIApplicationSupportsIndirectInputEvents = YES;
				INFOPLIST_KEY_UILaunchScreen_Generation = YES;
				INFOPLIST_KEY_UISupportedInterfaceOrientations_iPad = "UIInterfaceOrientationPortrait UIInterfaceOrientationPortraitUpsideDown UIInterfaceOrientationLandscapeLeft UIInterfaceOrientationLandscapeRight";
				INFOPLIST_KEY_UISupportedInterfaceOrientations_iPhone = "UIInterfaceOrientationPortrait UIInterfaceOrientationLandscapeLeft UIInterfaceOrientationLandscapeRight";
				LD_RUNPATH_SEARCH_PATHS = (
					"$(inherited)",
					"@executable_path/Frameworks",
				);
				MARKETING_VERSION = 1.0;
				PRODUCT_BUNDLE_IDENTIFIER = com.gmail.ikeh1024.AdvancedSearchBoy;
				PRODUCT_NAME = "$(TARGET_NAME)";
				SWIFT_EMIT_LOC_STRINGS = YES;
				SWIFT_VERSION = 5.0;
				TARGETED_DEVICE_FAMILY = "1,2";
			};
			name = Debug;
		};
		DA13B60128B7521F00E468F8 /* Release */ = {
			isa = XCBuildConfiguration;
			buildSettings = {
				ASSETCATALOG_COMPILER_APPICON_NAME = AppIcon;
				ASSETCATALOG_COMPILER_GLOBAL_ACCENT_COLOR_NAME = AccentColor;
				CODE_SIGN_STYLE = Automatic;
				CURRENT_PROJECT_VERSION = 1;
				DEVELOPMENT_ASSET_PATHS = "\"AdvancedSearchBoy/Preview Content\"";
				DEVELOPMENT_TEAM = BWMJMJK727;
				ENABLE_PREVIEWS = YES;
				GENERATE_INFOPLIST_FILE = YES;
				INFOPLIST_KEY_UIApplicationSceneManifest_Generation = YES;
				INFOPLIST_KEY_UIApplicationSupportsIndirectInputEvents = YES;
				INFOPLIST_KEY_UILaunchScreen_Generation = YES;
				INFOPLIST_KEY_UISupportedInterfaceOrientations_iPad = "UIInterfaceOrientationPortrait UIInterfaceOrientationPortraitUpsideDown UIInterfaceOrientationLandscapeLeft UIInterfaceOrientationLandscapeRight";
				INFOPLIST_KEY_UISupportedInterfaceOrientations_iPhone = "UIInterfaceOrientationPortrait UIInterfaceOrientationLandscapeLeft UIInterfaceOrientationLandscapeRight";
				LD_RUNPATH_SEARCH_PATHS = (
					"$(inherited)",
					"@executable_path/Frameworks",
				);
				MARKETING_VERSION = 1.0;
				PRODUCT_BUNDLE_IDENTIFIER = com.gmail.ikeh1024.AdvancedSearchBoy;
				PRODUCT_NAME = "$(TARGET_NAME)";
				SWIFT_EMIT_LOC_STRINGS = YES;
				SWIFT_VERSION = 5.0;
				TARGETED_DEVICE_FAMILY = "1,2";
			};
			name = Release;
		};
		DA13B60328B7521F00E468F8 /* Debug */ = {
			isa = XCBuildConfiguration;
			buildSettings = {
				ALWAYS_EMBED_SWIFT_STANDARD_LIBRARIES = YES;
				BUNDLE_LOADER = "$(TEST_HOST)";
				CODE_SIGN_STYLE = Automatic;
				CURRENT_PROJECT_VERSION = 1;
				DEVELOPMENT_TEAM = BWMJMJK727;
				GENERATE_INFOPLIST_FILE = YES;
				IPHONEOS_DEPLOYMENT_TARGET = 15.0;
				MARKETING_VERSION = 1.0;
				PRODUCT_BUNDLE_IDENTIFIER = com.gmail.ikeh1024.AdvancedSearchBoyTests;
				PRODUCT_NAME = "$(TARGET_NAME)";
				SWIFT_EMIT_LOC_STRINGS = NO;
				SWIFT_VERSION = 5.0;
				TARGETED_DEVICE_FAMILY = "1,2";
				TEST_HOST = "$(BUILT_PRODUCTS_DIR)/AdvancedSearchBoy.app/AdvancedSearchBoy";
			};
			name = Debug;
		};
		DA13B60428B7521F00E468F8 /* Release */ = {
			isa = XCBuildConfiguration;
			buildSettings = {
				ALWAYS_EMBED_SWIFT_STANDARD_LIBRARIES = YES;
				BUNDLE_LOADER = "$(TEST_HOST)";
				CODE_SIGN_STYLE = Automatic;
				CURRENT_PROJECT_VERSION = 1;
				DEVELOPMENT_TEAM = BWMJMJK727;
				GENERATE_INFOPLIST_FILE = YES;
				IPHONEOS_DEPLOYMENT_TARGET = 15.0;
				MARKETING_VERSION = 1.0;
				PRODUCT_BUNDLE_IDENTIFIER = com.gmail.ikeh1024.AdvancedSearchBoyTests;
				PRODUCT_NAME = "$(TARGET_NAME)";
				SWIFT_EMIT_LOC_STRINGS = NO;
				SWIFT_VERSION = 5.0;
				TARGETED_DEVICE_FAMILY = "1,2";
				TEST_HOST = "$(BUILT_PRODUCTS_DIR)/AdvancedSearchBoy.app/AdvancedSearchBoy";
			};
			name = Release;
		};
		DA13B60628B7521F00E468F8 /* Debug */ = {
			isa = XCBuildConfiguration;
			buildSettings = {
				ALWAYS_EMBED_SWIFT_STANDARD_LIBRARIES = YES;
				CODE_SIGN_STYLE = Automatic;
				CURRENT_PROJECT_VERSION = 1;
				DEVELOPMENT_TEAM = BWMJMJK727;
				GENERATE_INFOPLIST_FILE = YES;
				MARKETING_VERSION = 1.0;
				PRODUCT_BUNDLE_IDENTIFIER = com.gmail.ikeh1024.AdvancedSearchBoyUITests;
				PRODUCT_NAME = "$(TARGET_NAME)";
				SWIFT_EMIT_LOC_STRINGS = NO;
				SWIFT_VERSION = 5.0;
				TARGETED_DEVICE_FAMILY = "1,2";
				TEST_TARGET_NAME = AdvancedSearchBoy;
			};
			name = Debug;
		};
		DA13B60728B7521F00E468F8 /* Release */ = {
			isa = XCBuildConfiguration;
			buildSettings = {
				ALWAYS_EMBED_SWIFT_STANDARD_LIBRARIES = YES;
				CODE_SIGN_STYLE = Automatic;
				CURRENT_PROJECT_VERSION = 1;
				DEVELOPMENT_TEAM = BWMJMJK727;
				GENERATE_INFOPLIST_FILE = YES;
				MARKETING_VERSION = 1.0;
				PRODUCT_BUNDLE_IDENTIFIER = com.gmail.ikeh1024.AdvancedSearchBoyUITests;
				PRODUCT_NAME = "$(TARGET_NAME)";
				SWIFT_EMIT_LOC_STRINGS = NO;
				SWIFT_VERSION = 5.0;
				TARGETED_DEVICE_FAMILY = "1,2";
				TEST_TARGET_NAME = AdvancedSearchBoy;
			};
			name = Release;
		};
/* End XCBuildConfiguration section */

/* Begin XCConfigurationList section */
		DA13B5D628B7521E00E468F8 /* Build configuration list for PBXProject "AdvancedSearchBoy" */ = {
			isa = XCConfigurationList;
			buildConfigurations = (
				DA13B5FD28B7521F00E468F8 /* Debug */,
				DA13B5FE28B7521F00E468F8 /* Release */,
			);
			defaultConfigurationIsVisible = 0;
			defaultConfigurationName = Release;
		};
		DA13B5FF28B7521F00E468F8 /* Build configuration list for PBXNativeTarget "AdvancedSearchBoy" */ = {
			isa = XCConfigurationList;
			buildConfigurations = (
				DA13B60028B7521F00E468F8 /* Debug */,
				DA13B60128B7521F00E468F8 /* Release */,
			);
			defaultConfigurationIsVisible = 0;
			defaultConfigurationName = Release;
		};
		DA13B60228B7521F00E468F8 /* Build configuration list for PBXNativeTarget "AdvancedSearchBoyTests" */ = {
			isa = XCConfigurationList;
			buildConfigurations = (
				DA13B60328B7521F00E468F8 /* Debug */,
				DA13B60428B7521F00E468F8 /* Release */,
			);
			defaultConfigurationIsVisible = 0;
			defaultConfigurationName = Release;
		};
		DA13B60528B7521F00E468F8 /* Build configuration list for PBXNativeTarget "AdvancedSearchBoyUITests" */ = {
			isa = XCConfigurationList;
			buildConfigurations = (
				DA13B60628B7521F00E468F8 /* Debug */,
				DA13B60728B7521F00E468F8 /* Release */,
			);
			defaultConfigurationIsVisible = 0;
			defaultConfigurationName = Release;
		};
/* End XCConfigurationList section */

/* Begin XCRemoteSwiftPackageReference section */
		DAC1C0A228B8466A00978F9C /* XCRemoteSwiftPackageReference "swift-algorithms" */ = {
			isa = XCRemoteSwiftPackageReference;
			repositoryURL = "https://github.com/apple/swift-algorithms.git";
			requirement = {
				kind = upToNextMajorVersion;
				minimumVersion = 1.0.0;
			};
		};
/* End XCRemoteSwiftPackageReference section */

/* Begin XCSwiftPackageProductDependency section */
		DAC1C0A328B8466A00978F9C /* Algorithms */ = {
			isa = XCSwiftPackageProductDependency;
			package = DAC1C0A228B8466A00978F9C /* XCRemoteSwiftPackageReference "swift-algorithms" */;
			productName = Algorithms;
		};
/* End XCSwiftPackageProductDependency section */
	};
	rootObject = DA13B5D328B7521E00E468F8 /* Project object */;
}
